
Microsoft Visual Studio Solution File, Format Version 12.00
# Visual Studio Version 16
VisualStudioVersion = 16.0.28803.202
MinimumVisualStudioVersion = 10.0.40219.1
Project("{FAE04EC0-301F-11D3-BF4B-00C04F79EFBC}") = "VisualStudioProjectforGithub", "VisualStudioProjectforGithub\VisualStudioProjectforGithub.csproj", "{FDB8879E-0D7B-4A6F-915A-A18D5037160E}"
EndProject
Global
	GlobalSection(SolutionConfigurationPlatforms) = preSolution
		Debug|Any CPU = Debug|Any CPU
		Release|Any CPU = Release|Any CPU
	EndGlobalSection
	GlobalSection(ProjectConfigurationPlatforms) = postSolution
		{FDB8879E-0D7B-4A6F-915A-A18D5037160E}.Debug|Any CPU.ActiveCfg = Debug|Any CPU
		{FDB8879E-0D7B-4A6F-915A-A18D5037160E}.Debug|Any CPU.Build.0 = Debug|Any CPU
		{FDB8879E-0D7B-4A6F-915A-A18D5037160E}.Release|Any CPU.ActiveCfg = Release|Any CPU
		{FDB8879E-0D7B-4A6F-915A-A18D5037160E}.Release|Any CPU.Build.0 = Release|Any CPU
	EndGlobalSection
	GlobalSection(SolutionProperties) = preSolution
		HideSolutionNode = FALSE
	EndGlobalSection
	GlobalSection(ExtensibilityGlobals) = postSolution
		SolutionGuid = {CE83E639-1909-4C6E-AAC0-4E8D58C0AD9F}
	EndGlobalSection
EndGlobal
